
Microsoft Visual Studio Solution File, Format Version 12.00
# Visual Studio Version 17
VisualStudioVersion = 17.9.34723.18
MinimumVisualStudioVersion = 10.0.40219.1
Project("{FAE04EC0-301F-11D3-BF4B-00C04F79EFBC}") = "SupernaturalInheritance", "SupernaturalInheritance.csproj", "{8DD58976-F0F1-4313-A82A-2A41BD64C751}"
EndProject
Global
	GlobalSection(SolutionConfigurationPlatforms) = preSolution
		Debug|Any CPU = Debug|Any CPU
		Release|Any CPU = Release|Any CPU
	EndGlobalSection
	GlobalSection(ProjectConfigurationPlatforms) = postSolution
		{8DD58976-F0F1-4313-A82A-2A41BD64C751}.Debug|Any CPU.ActiveCfg = Debug|Any CPU
		{8DD58976-F0F1-4313-A82A-2A41BD64C751}.Debug|Any CPU.Build.0 = Debug|Any CPU
		{8DD58976-F0F1-4313-A82A-2A41BD64C751}.Release|Any CPU.ActiveCfg = Release|Any CPU
		{8DD58976-F0F1-4313-A82A-2A41BD64C751}.Release|Any CPU.Build.0 = Release|Any CPU
	EndGlobalSection
	GlobalSection(SolutionProperties) = preSolution
		HideSolutionNode = FALSE
	EndGlobalSection
	GlobalSection(ExtensibilityGlobals) = postSolution
		SolutionGuid = {2FF523C0-EACA-44FB-8CC7-609E4620DE68}
	EndGlobalSection
EndGlobal
